// !$*UTF8*$!
{
	archiveVersion = 1;
	classes = {
	};
	objectVersion = 56;
	objects = {

/* Begin PBXBuildFile section */
		/* Swift Sources - Git */
		SW001 /* GitBinary.swift in Sources */ = {isa = PBXBuildFile; fileRef = SF001; };
		SW002 /* GitCommit.swift in Sources */ = {isa = PBXBuildFile; fileRef = SF002; };
		SW003 /* GitDefaults.swift in Sources */ = {isa = PBXBuildFile; fileRef = SF003; };
		SW004 /* GitIndex.swift in Sources */ = {isa = PBXBuildFile; fileRef = SF004; };
		SW005 /* GitRef.swift in Sources */ = {isa = PBXBuildFile; fileRef = SF005; };
		SW006 /* GitRefish.swift in Sources */ = {isa = PBXBuildFile; fileRef = SF006; };
		SW007 /* GitRepository.swift in Sources */ = {isa = PBXBuildFile; fileRef = SF007; };
		SW008 /* GitRevSpecifier.swift in Sources */ = {isa = PBXBuildFile; fileRef = SF008; };
		SW009 /* GitTree.swift in Sources */ = {isa = PBXBuildFile; fileRef = SF009; };
		/* Swift Sources - Utilities */
		SW010 /* EasyFS.swift in Sources */ = {isa = PBXBuildFile; fileRef = SF010; };
		SW011 /* EasyPipe.swift in Sources */ = {isa = PBXBuildFile; fileRef = SF011; };
		SW012 /* FileHandle+ReadLine.swift in Sources */ = {isa = PBXBuildFile; fileRef = SF012; };
		SW013 /* ModalRepoSheet.swift in Sources */ = {isa = PBXBuildFile; fileRef = SF013; };
		SW014 /* OutlineView+ExpandParents.swift in Sources */ = {isa = PBXBuildFile; fileRef = SF014; };
		SW015 /* String+RegEx.swift in Sources */ = {isa = PBXBuildFile; fileRef = SF015; };
		SW016 /* String+Truncate.swift in Sources */ = {isa = PBXBuildFile; fileRef = SF016; };
		/* Swift Sources - Controllers */
		SW017 /* DiffWindowController.swift in Sources */ = {isa = PBXBuildFile; fileRef = SF017; };
		SW018 /* IndexController.swift in Sources */ = {isa = PBXBuildFile; fileRef = SF018; };
		SW019 /* RepositoryWindowController.swift in Sources */ = {isa = PBXBuildFile; fileRef = SF019; };
		/* Swift Sources - Views */
		SW020 /* CommitHistoryView.swift in Sources */ = {isa = PBXBuildFile; fileRef = SF020; };
		SW021 /* DiffView.swift in Sources */ = {isa = PBXBuildFile; fileRef = SF021; };
		SW022 /* SidebarView.swift in Sources */ = {isa = PBXBuildFile; fileRef = SF022; };
		/* Swift Sources - App */
		SW023 /* ApplicationController.swift in Sources */ = {isa = PBXBuildFile; fileRef = SF023; };
		SW024 /* CloneRepositoryPanel.swift in Sources */ = {isa = PBXBuildFile; fileRef = SF024; };
		SW025 /* GitXApp.swift in Sources */ = {isa = PBXBuildFile; fileRef = SF025; };
		SW026 /* PreferencesController.swift in Sources */ = {isa = PBXBuildFile; fileRef = SF026; };
		/* Resources */
		RB001 /* Assets.xcassets in Resources */ = {isa = PBXBuildFile; fileRef = RF001; };
		RB002 /* Credits.html in Resources */ = {isa = PBXBuildFile; fileRef = RF004; };
		RB003 /* UpdateKey.pem in Resources */ = {isa = PBXBuildFile; fileRef = RF005; };
		RB004 /* gitx.icns in Resources */ = {isa = PBXBuildFile; fileRef = RF006; };
		RB005 /* source.css in Resources */ = {isa = PBXBuildFile; fileRef = RF007; };
		RB006 /* Images in Resources */ = {isa = PBXBuildFile; fileRef = RF008; };
		RB007 /* XIBs in Resources */ = {isa = PBXBuildFile; fileRef = RF009; };
		/* Frameworks */
		FB001 /* Sparkle in Frameworks */ = {isa = PBXBuildFile; productRef = PR001; };
/* End PBXBuildFile section */

/* Begin PBXFileReference section */
		/* Product */
		PROD1 /* GitX.app */ = {isa = PBXFileReference; explicitFileType = wrapper.application; includeInIndex = 0; path = GitX.app; sourceTree = BUILT_PRODUCTS_DIR; };
		/* Swift Sources - Git */
		SF001 /* GitBinary.swift */ = {isa = PBXFileReference; lastKnownFileType = sourcecode.swift; path = GitBinary.swift; sourceTree = "<group>"; };
		SF002 /* GitCommit.swift */ = {isa = PBXFileReference; lastKnownFileType = sourcecode.swift; path = GitCommit.swift; sourceTree = "<group>"; };
		SF003 /* GitDefaults.swift */ = {isa = PBXFileReference; lastKnownFileType = sourcecode.swift; path = GitDefaults.swift; sourceTree = "<group>"; };
		SF004 /* GitIndex.swift */ = {isa = PBXFileReference; lastKnownFileType = sourcecode.swift; path = GitIndex.swift; sourceTree = "<group>"; };
		SF005 /* GitRef.swift */ = {isa = PBXFileReference; lastKnownFileType = sourcecode.swift; path = GitRef.swift; sourceTree = "<group>"; };
		SF006 /* GitRefish.swift */ = {isa = PBXFileReference; lastKnownFileType = sourcecode.swift; path = GitRefish.swift; sourceTree = "<group>"; };
		SF007 /* GitRepository.swift */ = {isa = PBXFileReference; lastKnownFileType = sourcecode.swift; path = GitRepository.swift; sourceTree = "<group>"; };
		SF008 /* GitRevSpecifier.swift */ = {isa = PBXFileReference; lastKnownFileType = sourcecode.swift; path = GitRevSpecifier.swift; sourceTree = "<group>"; };
		SF009 /* GitTree.swift */ = {isa = PBXFileReference; lastKnownFileType = sourcecode.swift; path = GitTree.swift; sourceTree = "<group>"; };
		/* Swift Sources - Utilities */
		SF010 /* EasyFS.swift */ = {isa = PBXFileReference; lastKnownFileType = sourcecode.swift; path = EasyFS.swift; sourceTree = "<group>"; };
		SF011 /* EasyPipe.swift */ = {isa = PBXFileReference; lastKnownFileType = sourcecode.swift; path = EasyPipe.swift; sourceTree = "<group>"; };
		SF012 /* FileHandle+ReadLine.swift */ = {isa = PBXFileReference; lastKnownFileType = sourcecode.swift; path = "FileHandle+ReadLine.swift"; sourceTree = "<group>"; };
		SF013 /* ModalRepoSheet.swift */ = {isa = PBXFileReference; lastKnownFileType = sourcecode.swift; path = ModalRepoSheet.swift; sourceTree = "<group>"; };
		SF014 /* OutlineView+ExpandParents.swift */ = {isa = PBXFileReference; lastKnownFileType = sourcecode.swift; path = "OutlineView+ExpandParents.swift"; sourceTree = "<group>"; };
		SF015 /* String+RegEx.swift */ = {isa = PBXFileReference; lastKnownFileType = sourcecode.swift; path = "String+RegEx.swift"; sourceTree = "<group>"; };
		SF016 /* String+Truncate.swift */ = {isa = PBXFileReference; lastKnownFileType = sourcecode.swift; path = "String+Truncate.swift"; sourceTree = "<group>"; };
		/* Swift Sources - Controllers */
		SF017 /* DiffWindowController.swift */ = {isa = PBXFileReference; lastKnownFileType = sourcecode.swift; path = DiffWindowController.swift; sourceTree = "<group>"; };
		SF018 /* IndexController.swift */ = {isa = PBXFileReference; lastKnownFileType = sourcecode.swift; path = IndexController.swift; sourceTree = "<group>"; };
		SF019 /* RepositoryWindowController.swift */ = {isa = PBXFileReference; lastKnownFileType = sourcecode.swift; path = RepositoryWindowController.swift; sourceTree = "<group>"; };
		/* Swift Sources - Views */
		SF020 /* CommitHistoryView.swift */ = {isa = PBXFileReference; lastKnownFileType = sourcecode.swift; path = CommitHistoryView.swift; sourceTree = "<group>"; };
		SF021 /* DiffView.swift */ = {isa = PBXFileReference; lastKnownFileType = sourcecode.swift; path = DiffView.swift; sourceTree = "<group>"; };
		SF022 /* SidebarView.swift */ = {isa = PBXFileReference; lastKnownFileType = sourcecode.swift; path = SidebarView.swift; sourceTree = "<group>"; };
		/* Swift Sources - App */
		SF023 /* ApplicationController.swift */ = {isa = PBXFileReference; lastKnownFileType = sourcecode.swift; path = ApplicationController.swift; sourceTree = "<group>"; };
		SF024 /* CloneRepositoryPanel.swift */ = {isa = PBXFileReference; lastKnownFileType = sourcecode.swift; path = CloneRepositoryPanel.swift; sourceTree = "<group>"; };
		SF025 /* GitXApp.swift */ = {isa = PBXFileReference; lastKnownFileType = sourcecode.swift; path = GitXApp.swift; sourceTree = "<group>"; };
		SF026 /* PreferencesController.swift */ = {isa = PBXFileReference; lastKnownFileType = sourcecode.swift; path = PreferencesController.swift; sourceTree = "<group>"; };
		/* Resources */
		RF001 /* Assets.xcassets */ = {isa = PBXFileReference; lastKnownFileType = folder.assetcatalog; path = Assets.xcassets; sourceTree = "<group>"; };
		RF002 /* Info.plist */ = {isa = PBXFileReference; lastKnownFileType = text.plist.xml; path = Info.plist; sourceTree = "<group>"; };
		RF003 /* GitX.entitlements */ = {isa = PBXFileReference; lastKnownFileType = text.plist.entitlements; path = GitX.entitlements; sourceTree = "<group>"; };
		RF004 /* Credits.html */ = {isa = PBXFileReference; lastKnownFileType = text.html; path = Credits.html; sourceTree = "<group>"; };
		RF005 /* UpdateKey.pem */ = {isa = PBXFileReference; lastKnownFileType = text; path = UpdateKey.pem; sourceTree = "<group>"; };
		RF006 /* gitx.icns */ = {isa = PBXFileReference; lastKnownFileType = image.icns; path = gitx.icns; sourceTree = "<group>"; };
		RF007 /* source.css */ = {isa = PBXFileReference; lastKnownFileType = text.css; path = source.css; sourceTree = "<group>"; };
		RF008 /* Images */ = {isa = PBXFileReference; lastKnownFileType = folder; path = Images; sourceTree = "<group>"; };
		RF009 /* XIBs */ = {isa = PBXFileReference; lastKnownFileType = folder; path = XIBs; sourceTree = "<group>"; };
/* End PBXFileReference section */

/* Begin PBXFrameworksBuildPhase section */
		FWK001 /* Frameworks */ = {
			isa = PBXFrameworksBuildPhase;
			buildActionMask = 2147483647;
			files = (
				FB001 /* Sparkle in Frameworks */,
			);
			runOnlyForDeploymentPostprocessing = 0;
		};
/* End PBXFrameworksBuildPhase section */

/* Begin PBXGroup section */
		ROOT /* Root */ = {
			isa = PBXGroup;
			children = (
				GRP001 /* Sources */,
				GRP006 /* Resources */,
				GRP007 /* Products */,
			);
			sourceTree = "<group>";
		};
		GRP001 /* Sources */ = {
			isa = PBXGroup;
			children = (
				GRP002 /* Git */,
				GRP003 /* Utilities */,
				GRP004 /* Controllers */,
				GRP005 /* Views */,
				GRP008 /* App */,
			);
			path = Sources;
			sourceTree = "<group>";
		};
		GRP002 /* Git */ = {
			isa = PBXGroup;
			children = (
				SF001 /* GitBinary.swift */,
				SF002 /* GitCommit.swift */,
				SF003 /* GitDefaults.swift */,
				SF004 /* GitIndex.swift */,
				SF005 /* GitRef.swift */,
				SF006 /* GitRefish.swift */,
				SF007 /* GitRepository.swift */,
				SF008 /* GitRevSpecifier.swift */,
				SF009 /* GitTree.swift */,
			);
			path = Git;
			sourceTree = "<group>";
		};
		GRP003 /* Utilities */ = {
			isa = PBXGroup;
			children = (
				SF010 /* EasyFS.swift */,
				SF011 /* EasyPipe.swift */,
				SF012 /* FileHandle+ReadLine.swift */,
				SF013 /* ModalRepoSheet.swift */,
				SF014 /* OutlineView+ExpandParents.swift */,
				SF015 /* String+RegEx.swift */,
				SF016 /* String+Truncate.swift */,
			);
			path = Utilities;
			sourceTree = "<group>";
		};
		GRP004 /* Controllers */ = {
			isa = PBXGroup;
			children = (
				SF017 /* DiffWindowController.swift */,
				SF018 /* IndexController.swift */,
				SF019 /* RepositoryWindowController.swift */,
			);
			path = Controllers;
			sourceTree = "<group>";
		};
		GRP005 /* Views */ = {
			isa = PBXGroup;
			children = (
				SF020 /* CommitHistoryView.swift */,
				SF021 /* DiffView.swift */,
				SF022 /* SidebarView.swift */,
			);
			path = Views;
			sourceTree = "<group>";
		};
		GRP006 /* Resources */ = {
			isa = PBXGroup;
			children = (
				RF001 /* Assets.xcassets */,
				RF002 /* Info.plist */,
				RF003 /* GitX.entitlements */,
				RF004 /* Credits.html */,
				RF005 /* UpdateKey.pem */,
				RF006 /* gitx.icns */,
				RF007 /* source.css */,
				RF008 /* Images */,
				RF009 /* XIBs */,
			);
			path = Resources;
			sourceTree = "<group>";
		};
		GRP007 /* Products */ = {
			isa = PBXGroup;
			children = (
				PROD1 /* GitX.app */,
			);
			name = Products;
			sourceTree = "<group>";
		};
		GRP008 /* App */ = {
			isa = PBXGroup;
			children = (
				SF023 /* ApplicationController.swift */,
				SF024 /* CloneRepositoryPanel.swift */,
				SF025 /* GitXApp.swift */,
				SF026 /* PreferencesController.swift */,
			);
			path = App;
			sourceTree = "<group>";
		};
/* End PBXGroup section */

/* Begin PBXNativeTarget section */
		TGT001 /* GitX */ = {
			isa = PBXNativeTarget;
			buildConfigurationList = BCL001 /* Build configuration list for PBXNativeTarget "GitX" */;
			buildPhases = (
				SRC001 /* Sources */,
				FWK001 /* Frameworks */,
				RES001 /* Resources */,
			);
			buildRules = (
			);
			dependencies = (
			);
			name = GitX;
			packageProductDependencies = (
				PR001 /* Sparkle */,
			);
			productName = GitX;
			productReference = PROD1 /* GitX.app */;
			productType = "com.apple.product-type.application";
		};
/* End PBXNativeTarget section */

/* Begin PBXProject section */
		PRJ001 /* Project object */ = {
			isa = PBXProject;
			attributes = {
				BuildIndependentTargetsInParallel = 1;
				LastSwiftUpdateCheck = 1500;
				LastUpgradeCheck = 1500;
				TargetAttributes = {
					TGT001 = {
						CreatedOnToolsVersion = 15.0;
					};
				};
			};
			buildConfigurationList = BCL002 /* Build configuration list for PBXProject "GitX" */;
			compatibilityVersion = "Xcode 14.0";
			developmentRegion = en;
			hasScannedForEncodings = 0;
			knownRegions = (
				en,
				Base,
			);
			mainGroup = ROOT;
			packageReferences = (
				PKG001 /* XCRemoteSwiftPackageReference "Sparkle" */,
			);
			productRefGroup = GRP007 /* Products */;
			projectDirPath = "";
			projectRoot = "";
			targets = (
				TGT001 /* GitX */,
			);
		};
/* End PBXProject section */

/* Begin PBXResourcesBuildPhase section */
		RES001 /* Resources */ = {
			isa = PBXResourcesBuildPhase;
			buildActionMask = 2147483647;
			files = (
				RB001 /* Assets.xcassets in Resources */,
				RB002 /* Credits.html in Resources */,
				RB003 /* UpdateKey.pem in Resources */,
				RB004 /* gitx.icns in Resources */,
				RB005 /* source.css in Resources */,
				RB006 /* Images in Resources */,
				RB007 /* XIBs in Resources */,
			);
			runOnlyForDeploymentPostprocessing = 0;
		};
/* End PBXResourcesBuildPhase section */

/* Begin PBXSourcesBuildPhase section */
		SRC001 /* Sources */ = {
			isa = PBXSourcesBuildPhase;
			buildActionMask = 2147483647;
			files = (
				SW001 /* GitBinary.swift in Sources */,
				SW002 /* GitCommit.swift in Sources */,
				SW003 /* GitDefaults.swift in Sources */,
				SW004 /* GitIndex.swift in Sources */,
				SW005 /* GitRef.swift in Sources */,
				SW006 /* GitRefish.swift in Sources */,
				SW007 /* GitRepository.swift in Sources */,
				SW008 /* GitRevSpecifier.swift in Sources */,
				SW009 /* GitTree.swift in Sources */,
				SW010 /* EasyFS.swift in Sources */,
				SW011 /* EasyPipe.swift in Sources */,
				SW012 /* FileHandle+ReadLine.swift in Sources */,
				SW013 /* ModalRepoSheet.swift in Sources */,
				SW014 /* OutlineView+ExpandParents.swift in Sources */,
				SW015 /* String+RegEx.swift in Sources */,
				SW016 /* String+Truncate.swift in Sources */,
				SW017 /* DiffWindowController.swift in Sources */,
				SW018 /* IndexController.swift in Sources */,
				SW019 /* RepositoryWindowController.swift in Sources */,
				SW020 /* CommitHistoryView.swift in Sources */,
				SW021 /* DiffView.swift in Sources */,
				SW022 /* SidebarView.swift in Sources */,
				SW023 /* ApplicationController.swift in Sources */,
				SW024 /* CloneRepositoryPanel.swift in Sources */,
				SW025 /* GitXApp.swift in Sources */,
				SW026 /* PreferencesController.swift in Sources */,
			);
			runOnlyForDeploymentPostprocessing = 0;
		};
/* End PBXSourcesBuildPhase section */

/* Begin XCBuildConfiguration section */
		CFG001 /* Debug */ = {
			isa = XCBuildConfiguration;
			buildSettings = {
				ALWAYS_SEARCH_USER_PATHS = NO;
				ASSETCATALOG_COMPILER_GENERATE_SWIFT_ASSET_SYMBOL_EXTENSIONS = YES;
				CLANG_ANALYZER_NONNULL = YES;
				CLANG_ANALYZER_NUMBER_OBJECT_CONVERSION = YES_AGGRESSIVE;
				CLANG_CXX_LANGUAGE_STANDARD = "gnu++20";
				CLANG_ENABLE_MODULES = YES;
				CLANG_ENABLE_OBJC_ARC = YES;
				CLANG_ENABLE_OBJC_WEAK = YES;
				CLANG_WARN_BLOCK_CAPTURE_AUTORELEASING = YES;
				CLANG_WARN_BOOL_CONVERSION = YES;
				CLANG_WARN_COMMA = YES;
				CLANG_WARN_CONSTANT_CONVERSION = YES;
				CLANG_WARN_DEPRECATED_OBJC_IMPLEMENTATIONS = YES;
				CLANG_WARN_DIRECT_OBJC_ISA_USAGE = YES_ERROR;
				CLANG_WARN_DOCUMENTATION_COMMENTS = YES;
				CLANG_WARN_EMPTY_BODY = YES;
				CLANG_WARN_ENUM_CONVERSION = YES;
				CLANG_WARN_INFINITE_RECURSION = YES;
				CLANG_WARN_INT_CONVERSION = YES;
				CLANG_WARN_NON_LITERAL_NULL_CONVERSION = YES;
				CLANG_WARN_OBJC_IMPLICIT_RETAIN_SELF = YES;
				CLANG_WARN_OBJC_LITERAL_CONVERSION = YES;
				CLANG_WARN_OBJC_ROOT_CLASS = YES_ERROR;
				CLANG_WARN_QUOTED_INCLUDE_IN_FRAMEWORK_HEADER = YES;
				CLANG_WARN_RANGE_LOOP_ANALYSIS = YES;
				CLANG_WARN_STRICT_PROTOTYPES = YES;
				CLANG_WARN_SUSPICIOUS_MOVE = YES;
				CLANG_WARN_UNGUARDED_AVAILABILITY = YES_AGGRESSIVE;
				CLANG_WARN_UNREACHABLE_CODE = YES;
				CLANG_WARN__DUPLICATE_METHOD_MATCH = YES;
				COPY_PHASE_STRIP = NO;
				DEBUG_INFORMATION_FORMAT = dwarf;
				ENABLE_STRICT_OBJC_MSGSEND = YES;
				ENABLE_TESTABILITY = YES;
				ENABLE_USER_SCRIPT_SANDBOXING = YES;
				GCC_C_LANGUAGE_STANDARD = gnu17;
				GCC_DYNAMIC_NO_PIC = NO;
				GCC_NO_COMMON_BLOCKS = YES;
				GCC_OPTIMIZATION_LEVEL = 0;
				GCC_PREPROCESSOR_DEFINITIONS = (
					"DEBUG=1",
					"$(inherited)",
				);
				GCC_WARN_64_TO_32_BIT_CONVERSION = YES;
				GCC_WARN_ABOUT_RETURN_TYPE = YES_ERROR;
				GCC_WARN_UNDECLARED_SELECTOR = YES;
				GCC_WARN_UNINITIALIZED_AUTOS = YES_AGGRESSIVE;
				GCC_WARN_UNUSED_FUNCTION = YES;
				GCC_WARN_UNUSED_VARIABLE = YES;
				LOCALIZATION_PREFERS_STRING_CATALOGS = YES;
				MACOSX_DEPLOYMENT_TARGET = 14.0;
				MTL_ENABLE_DEBUG_INFO = INCLUDE_SOURCE;
				MTL_FAST_MATH = YES;
				ONLY_ACTIVE_ARCH = YES;
				SDKROOT = macosx;
				SWIFT_ACTIVE_COMPILATION_CONDITIONS = "DEBUG $(inherited)";
				SWIFT_OPTIMIZATION_LEVEL = "-Onone";
			};
			name = Debug;
		};
		CFG002 /* Release */ = {
			isa = XCBuildConfiguration;
			buildSettings = {
				ALWAYS_SEARCH_USER_PATHS = NO;
				ASSETCATALOG_COMPILER_GENERATE_SWIFT_ASSET_SYMBOL_EXTENSIONS = YES;
				CLANG_ANALYZER_NONNULL = YES;
				CLANG_ANALYZER_NUMBER_OBJECT_CONVERSION = YES_AGGRESSIVE;
				CLANG_CXX_LANGUAGE_STANDARD = "gnu++20";
				CLANG_ENABLE_MODULES = YES;
				CLANG_ENABLE_OBJC_ARC = YES;
				CLANG_ENABLE_OBJC_WEAK = YES;
				CLANG_WARN_BLOCK_CAPTURE_AUTORELEASING = YES;
				CLANG_WARN_BOOL_CONVERSION = YES;
				CLANG_WARN_COMMA = YES;
				CLANG_WARN_CONSTANT_CONVERSION = YES;
				CLANG_WARN_DEPRECATED_OBJC_IMPLEMENTATIONS = YES;
				CLANG_WARN_DIRECT_OBJC_ISA_USAGE = YES_ERROR;
				CLANG_WARN_DOCUMENTATION_COMMENTS = YES;
				CLANG_WARN_EMPTY_BODY = YES;
				CLANG_WARN_ENUM_CONVERSION = YES;
				CLANG_WARN_INFINITE_RECURSION = YES;
				CLANG_WARN_INT_CONVERSION = YES;
				CLANG_WARN_NON_LITERAL_NULL_CONVERSION = YES;
				CLANG_WARN_OBJC_IMPLICIT_RETAIN_SELF = YES;
				CLANG_WARN_OBJC_LITERAL_CONVERSION = YES;
				CLANG_WARN_OBJC_ROOT_CLASS = YES_ERROR;
				CLANG_WARN_QUOTED_INCLUDE_IN_FRAMEWORK_HEADER = YES;
				CLANG_WARN_RANGE_LOOP_ANALYSIS = YES;
				CLANG_WARN_STRICT_PROTOTYPES = YES;
				CLANG_WARN_SUSPICIOUS_MOVE = YES;
				CLANG_WARN_UNGUARDED_AVAILABILITY = YES_AGGRESSIVE;
				CLANG_WARN_UNREACHABLE_CODE = YES;
				CLANG_WARN__DUPLICATE_METHOD_MATCH = YES;
				COPY_PHASE_STRIP = NO;
				DEBUG_INFORMATION_FORMAT = "dwarf-with-dsym";
				ENABLE_NS_ASSERTIONS = NO;
				ENABLE_STRICT_OBJC_MSGSEND = YES;
				ENABLE_USER_SCRIPT_SANDBOXING = YES;
				GCC_C_LANGUAGE_STANDARD = gnu17;
				GCC_NO_COMMON_BLOCKS = YES;
				GCC_WARN_64_TO_32_BIT_CONVERSION = YES;
				GCC_WARN_ABOUT_RETURN_TYPE = YES_ERROR;
				GCC_WARN_UNDECLARED_SELECTOR = YES;
				GCC_WARN_UNINITIALIZED_AUTOS = YES_AGGRESSIVE;
				GCC_WARN_UNUSED_FUNCTION = YES;
				GCC_WARN_UNUSED_VARIABLE = YES;
				LOCALIZATION_PREFERS_STRING_CATALOGS = YES;
				MACOSX_DEPLOYMENT_TARGET = 14.0;
				MTL_ENABLE_DEBUG_INFO = NO;
				MTL_FAST_MATH = YES;
				SDKROOT = macosx;
				SWIFT_COMPILATION_MODE = wholemodule;
			};
			name = Release;
		};
		CFG003 /* Debug */ = {
			isa = XCBuildConfiguration;
			buildSettings = {
				ASSETCATALOG_COMPILER_APPICON_NAME = AppIcon;
				ASSETCATALOG_COMPILER_GLOBAL_ACCENT_COLOR_NAME = AccentColor;
				CODE_SIGN_ENTITLEMENTS = Resources/GitX.entitlements;
				CODE_SIGN_STYLE = Automatic;
				COMBINE_HIDPI_IMAGES = YES;
				CURRENT_PROJECT_VERSION = 1;
				GENERATE_INFOPLIST_FILE = YES;
				INFOPLIST_FILE = Resources/Info.plist;
				INFOPLIST_KEY_LSApplicationCategoryType = "public.app-category.developer-tools";
				INFOPLIST_KEY_NSHumanReadableCopyright = "";
				INFOPLIST_KEY_NSMainNibFile = "";
				INFOPLIST_KEY_NSPrincipalClass = NSApplication;
				LD_RUNPATH_SEARCH_PATHS = (
					"$(inherited)",
					"@executable_path/../Frameworks",
				);
				MARKETING_VERSION = 1.0;
				PRODUCT_BUNDLE_IDENTIFIER = net.phere.GitX;
				PRODUCT_NAME = "$(TARGET_NAME)";
				SWIFT_EMIT_LOC_STRINGS = YES;
				SWIFT_VERSION = 5.0;
			};
			name = Debug;
		};
		CFG004 /* Release */ = {
			isa = XCBuildConfiguration;
			buildSettings = {
				ASSETCATALOG_COMPILER_APPICON_NAME = AppIcon;
				ASSETCATALOG_COMPILER_GLOBAL_ACCENT_COLOR_NAME = AccentColor;
				CODE_SIGN_ENTITLEMENTS = Resources/GitX.entitlements;
				CODE_SIGN_STYLE = Automatic;
				COMBINE_HIDPI_IMAGES = YES;
				CURRENT_PROJECT_VERSION = 1;
				GENERATE_INFOPLIST_FILE = YES;
				INFOPLIST_FILE = Resources/Info.plist;
				INFOPLIST_KEY_LSApplicationCategoryType = "public.app-category.developer-tools";
				INFOPLIST_KEY_NSHumanReadableCopyright = "";
				INFOPLIST_KEY_NSMainNibFile = "";
				INFOPLIST_KEY_NSPrincipalClass = NSApplication;
				LD_RUNPATH_SEARCH_PATHS = (
					"$(inherited)",
					"@executable_path/../Frameworks",
				);
				MARKETING_VERSION = 1.0;
				PRODUCT_BUNDLE_IDENTIFIER = net.phere.GitX;
				PRODUCT_NAME = "$(TARGET_NAME)";
				SWIFT_EMIT_LOC_STRINGS = YES;
				SWIFT_VERSION = 5.0;
			};
			name = Release;
		};
/* End XCBuildConfiguration section */

/* Begin XCConfigurationList section */
		BCL001 /* Build configuration list for PBXNativeTarget "GitX" */ = {
			isa = XCConfigurationList;
			buildConfigurations = (
				CFG003 /* Debug */,
				CFG004 /* Release */,
			);
			defaultConfigurationIsVisible = 0;
			defaultConfigurationName = Release;
		};
		BCL002 /* Build configuration list for PBXProject "GitX" */ = {
			isa = XCConfigurationList;
			buildConfigurations = (
				CFG001 /* Debug */,
				CFG002 /* Release */,
			);
			defaultConfigurationIsVisible = 0;
			defaultConfigurationName = Release;
		};
/* End XCConfigurationList section */

/* Begin XCRemoteSwiftPackageReference section */
		PKG001 /* XCRemoteSwiftPackageReference "Sparkle" */ = {
			isa = XCRemoteSwiftPackageReference;
			repositoryURL = "https://github.com/sparkle-project/Sparkle";
			requirement = {
				kind = upToNextMajorVersion;
				minimumVersion = 2.0.0;
			};
		};
/* End XCRemoteSwiftPackageReference section */

/* Begin XCSwiftPackageProductDependency section */
		PR001 /* Sparkle */ = {
			isa = XCSwiftPackageProductDependency;
			package = PKG001 /* XCRemoteSwiftPackageReference "Sparkle" */;
			productName = Sparkle;
		};
/* End XCSwiftPackageProductDependency section */
	};
	rootObject = PRJ001 /* Project object */;
}
