// !$*UTF8*$!
{
	archiveVersion = 1;
	classes = {
	};
	objectVersion = 56;
	objects = {

/* Begin PBXBuildFile section */
		/* Swift Sources - Utilities */
		SW015 /* String+RegEx.swift in Sources */ = {isa = PBXBuildFile; fileRef = SF015; };
		SW016 /* String+Truncate.swift in Sources */ = {isa = PBXBuildFile; fileRef = SF016; };
		/* Swift Sources - Views */
		SW022 /* SidebarView.swift in Sources */ = {isa = PBXBuildFile; fileRef = SF022; };
		/* Swift Sources - App */
		SW025 /* GitXApp.swift in Sources */ = {isa = PBXBuildFile; fileRef = SF025; };
		SW031 /* RepositoryDocument.swift in Sources */ = {isa = PBXBuildFile; fileRef = SF031; };
		SW032 /* RepositoryView.swift in Sources */ = {isa = PBXBuildFile; fileRef = SF032; };
		SW033 /* HistoryView.swift in Sources */ = {isa = PBXBuildFile; fileRef = SF033; };
		SW034 /* CommitView.swift in Sources */ = {isa = PBXBuildFile; fileRef = SF034; };
		SW035 /* PreferencesView.swift in Sources */ = {isa = PBXBuildFile; fileRef = SF035; };
		SW036 /* PersistentSplitView.swift in Sources */ = {isa = PBXBuildFile; fileRef = SF036; };
		SW037 /* CommitGraphView.swift in Sources */ = {isa = PBXBuildFile; fileRef = SF037; };
		SW038 /* CommitTableView.swift in Sources */ = {isa = PBXBuildFile; fileRef = SF038; };
		/* Resources */
		RB001 /* Assets.xcassets in Resources */ = {isa = PBXBuildFile; fileRef = RF001; };
		RB002 /* Credits.html in Resources */ = {isa = PBXBuildFile; fileRef = RF004; };
		RB003 /* UpdateKey.pem in Resources */ = {isa = PBXBuildFile; fileRef = RF005; };
		RB004 /* gitx.icns in Resources */ = {isa = PBXBuildFile; fileRef = RF006; };
		RB005 /* source.css in Resources */ = {isa = PBXBuildFile; fileRef = RF007; };
		RB006 /* Images in Resources */ = {isa = PBXBuildFile; fileRef = RF008; };
		/* Frameworks */
		FB001 /* Sparkle in Frameworks */ = {isa = PBXBuildFile; productRef = PR001; };
		FB002 /* SwiftGitX in Frameworks */ = {isa = PBXBuildFile; productRef = PR002; };
		FB003 /* HighlightSwift in Frameworks */ = {isa = PBXBuildFile; productRef = PR003; };
/* End PBXBuildFile section */

/* Begin PBXFileReference section */
		/* Product */
		PROD1 /* GitX.app */ = {isa = PBXFileReference; explicitFileType = wrapper.application; includeInIndex = 0; path = GitX.app; sourceTree = BUILT_PRODUCTS_DIR; };
		/* Swift Sources - Utilities */
		SF015 /* String+RegEx.swift */ = {isa = PBXFileReference; lastKnownFileType = sourcecode.swift; path = "String+RegEx.swift"; sourceTree = "<group>"; };
		SF016 /* String+Truncate.swift */ = {isa = PBXFileReference; lastKnownFileType = sourcecode.swift; path = "String+Truncate.swift"; sourceTree = "<group>"; };
		/* Swift Sources - Views */
		SF022 /* SidebarView.swift */ = {isa = PBXFileReference; lastKnownFileType = sourcecode.swift; path = SidebarView.swift; sourceTree = "<group>"; };
		/* Swift Sources - App */
		SF025 /* GitXApp.swift */ = {isa = PBXFileReference; lastKnownFileType = sourcecode.swift; path = GitXApp.swift; sourceTree = "<group>"; };
		SF031 /* RepositoryDocument.swift */ = {isa = PBXFileReference; lastKnownFileType = sourcecode.swift; path = RepositoryDocument.swift; sourceTree = "<group>"; };
		SF032 /* RepositoryView.swift */ = {isa = PBXFileReference; lastKnownFileType = sourcecode.swift; path = RepositoryView.swift; sourceTree = "<group>"; };
		SF033 /* HistoryView.swift */ = {isa = PBXFileReference; lastKnownFileType = sourcecode.swift; path = HistoryView.swift; sourceTree = "<group>"; };
		SF034 /* CommitView.swift */ = {isa = PBXFileReference; lastKnownFileType = sourcecode.swift; path = CommitView.swift; sourceTree = "<group>"; };
		SF035 /* PreferencesView.swift */ = {isa = PBXFileReference; lastKnownFileType = sourcecode.swift; path = PreferencesView.swift; sourceTree = "<group>"; };
		SF036 /* PersistentSplitView.swift */ = {isa = PBXFileReference; lastKnownFileType = sourcecode.swift; path = PersistentSplitView.swift; sourceTree = "<group>"; };
		SF037 /* CommitGraphView.swift */ = {isa = PBXFileReference; lastKnownFileType = sourcecode.swift; path = CommitGraphView.swift; sourceTree = "<group>"; };
		SF038 /* CommitTableView.swift */ = {isa = PBXFileReference; lastKnownFileType = sourcecode.swift; path = CommitTableView.swift; sourceTree = "<group>"; };
		/* Resources */
		RF001 /* Assets.xcassets */ = {isa = PBXFileReference; lastKnownFileType = folder.assetcatalog; path = Assets.xcassets; sourceTree = "<group>"; };
		RF002 /* Info.plist */ = {isa = PBXFileReference; lastKnownFileType = text.plist.xml; path = Info.plist; sourceTree = "<group>"; };
		RF003 /* GitX.entitlements */ = {isa = PBXFileReference; lastKnownFileType = text.plist.entitlements; path = GitX.entitlements; sourceTree = "<group>"; };
		RF004 /* Credits.html */ = {isa = PBXFileReference; lastKnownFileType = text.html; path = Credits.html; sourceTree = "<group>"; };
		RF005 /* UpdateKey.pem */ = {isa = PBXFileReference; lastKnownFileType = text; path = UpdateKey.pem; sourceTree = "<group>"; };
		RF006 /* gitx.icns */ = {isa = PBXFileReference; lastKnownFileType = image.icns; path = gitx.icns; sourceTree = "<group>"; };
		RF007 /* source.css */ = {isa = PBXFileReference; lastKnownFileType = text.css; path = source.css; sourceTree = "<group>"; };
		RF008 /* Images */ = {isa = PBXFileReference; lastKnownFileType = folder; path = Images; sourceTree = "<group>"; };
/* End PBXFileReference section */

/* Begin PBXFrameworksBuildPhase section */
		FWK001 /* Frameworks */ = {
			isa = PBXFrameworksBuildPhase;
			buildActionMask = 2147483647;
			files = (
				FB001 /* Sparkle in Frameworks */,
				FB002 /* SwiftGitX in Frameworks */,
				FB003 /* HighlightSwift in Frameworks */,
			);
			runOnlyForDeploymentPostprocessing = 0;
		};
/* End PBXFrameworksBuildPhase section */

/* Begin PBXGroup section */
		ROOT /* Root */ = {
			isa = PBXGroup;
			children = (
				GRP001 /* Sources */,
				GRP006 /* Resources */,
				GRP007 /* Products */,
			);
			sourceTree = "<group>";
		};
		GRP001 /* Sources */ = {
			isa = PBXGroup;
			children = (
				GRP003 /* Utilities */,
				GRP005 /* Views */,
				GRP008 /* App */,
			);
			path = Sources;
			sourceTree = "<group>";
		};
		GRP003 /* Utilities */ = {
			isa = PBXGroup;
			children = (
				SF015 /* String+RegEx.swift */,
				SF016 /* String+Truncate.swift */,
			);
			path = Utilities;
			sourceTree = "<group>";
		};
		GRP005 /* Views */ = {
			isa = PBXGroup;
			children = (
				SF022 /* SidebarView.swift */,
				SF032 /* RepositoryView.swift */,
				SF033 /* HistoryView.swift */,
				SF034 /* CommitView.swift */,
				SF035 /* PreferencesView.swift */,
				SF036 /* PersistentSplitView.swift */,
				SF037 /* CommitGraphView.swift */,
				SF038 /* CommitTableView.swift */,
			);
			path = Views;
			sourceTree = "<group>";
		};
		GRP006 /* Resources */ = {
			isa = PBXGroup;
			children = (
				RF001 /* Assets.xcassets */,
				RF002 /* Info.plist */,
				RF003 /* GitX.entitlements */,
				RF004 /* Credits.html */,
				RF005 /* UpdateKey.pem */,
				RF006 /* gitx.icns */,
				RF007 /* source.css */,
				RF008 /* Images */,
			);
			path = Resources;
			sourceTree = "<group>";
		};
		GRP007 /* Products */ = {
			isa = PBXGroup;
			children = (
				PROD1 /* GitX.app */,
			);
			name = Products;
			sourceTree = "<group>";
		};
		GRP008 /* App */ = {
			isa = PBXGroup;
			children = (
				SF025 /* GitXApp.swift */,
				SF031 /* RepositoryDocument.swift */,
			);
			path = App;
			sourceTree = "<group>";
		};
/* End PBXGroup section */

/* Begin PBXShellScriptBuildPhase section */
		SCRIPT001 /* Build CLI Tools */ = {
			isa = PBXShellScriptBuildPhase;
			buildActionMask = 2147483647;
			files = (
			);
			inputFileListPaths = (
			);
			inputPaths = (
				"$(SRCROOT)/Sources/CLI/gitx_cli.swift",
				"$(SRCROOT)/Sources/CLI/gitx_askpasswd.swift",
			);
			name = "Build CLI Tools";
			outputFileListPaths = (
			);
			outputPaths = (
				"$(BUILT_PRODUCTS_DIR)/$(UNLOCALIZED_RESOURCES_FOLDER_PATH)/gitx",
				"$(BUILT_PRODUCTS_DIR)/$(UNLOCALIZED_RESOURCES_FOLDER_PATH)/gitx_askpasswd",
			);
			runOnlyForDeploymentPostprocessing = 0;
			shellPath = /bin/bash;
			shellScript = "# Build CLI tools and copy to Resources\nset -e\n\n# Build gitx CLI tool\nswiftc -O -o \"${BUILT_PRODUCTS_DIR}/${UNLOCALIZED_RESOURCES_FOLDER_PATH}/gitx\" \\\n    \"${SRCROOT}/Sources/CLI/gitx_cli.swift\"\n\n# Build gitx_askpasswd tool  \nswiftc -O -o \"${BUILT_PRODUCTS_DIR}/${UNLOCALIZED_RESOURCES_FOLDER_PATH}/gitx_askpasswd\" \\\n    \"${SRCROOT}/Sources/CLI/gitx_askpasswd.swift\"\n\necho \"CLI tools built successfully\"\n";
		};
/* End PBXShellScriptBuildPhase section */

/* Begin PBXNativeTarget section */
		TGT001 /* GitX */ = {
			isa = PBXNativeTarget;
			buildConfigurationList = BCL001 /* Build configuration list for PBXNativeTarget "GitX" */;
			buildPhases = (
				SRC001 /* Sources */,
				FWK001 /* Frameworks */,
				RES001 /* Resources */,
				SCRIPT001 /* Build CLI Tools */,
			);
			buildRules = (
			);
			dependencies = (
			);
			name = GitX;
			packageProductDependencies = (
				PR001 /* Sparkle */,
				PR002 /* SwiftGitX */,
				PR003 /* HighlightSwift */,
			);
			productName = GitX;
			productReference = PROD1 /* GitX.app */;
			productType = "com.apple.product-type.application";
		};
/* End PBXNativeTarget section */

/* Begin PBXProject section */
		PRJ001 /* Project object */ = {
			isa = PBXProject;
			attributes = {
				BuildIndependentTargetsInParallel = 1;
				LastSwiftUpdateCheck = 1500;
				LastUpgradeCheck = 1500;
				TargetAttributes = {
					TGT001 = {
						CreatedOnToolsVersion = 15.0;
					};
				};
			};
			buildConfigurationList = BCL002 /* Build configuration list for PBXProject "GitX" */;
			compatibilityVersion = "Xcode 14.0";
			developmentRegion = en;
			hasScannedForEncodings = 0;
			knownRegions = (
				en,
				Base,
			);
			mainGroup = ROOT;
			packageReferences = (
				PKG001 /* XCRemoteSwiftPackageReference "Sparkle" */,
				PKG002 /* XCRemoteSwiftPackageReference "SwiftGitX" */,
				PKG003 /* XCRemoteSwiftPackageReference "HighlightSwift" */,
			);
			productRefGroup = GRP007 /* Products */;
			projectDirPath = "";
			projectRoot = "";
			targets = (
				TGT001 /* GitX */,
			);
		};
/* End PBXProject section */

/* Begin PBXResourcesBuildPhase section */
		RES001 /* Resources */ = {
			isa = PBXResourcesBuildPhase;
			buildActionMask = 2147483647;
			files = (
				RB001 /* Assets.xcassets in Resources */,
				RB002 /* Credits.html in Resources */,
				RB003 /* UpdateKey.pem in Resources */,
				RB004 /* gitx.icns in Resources */,
				RB005 /* source.css in Resources */,
				RB006 /* Images in Resources */,
			);
			runOnlyForDeploymentPostprocessing = 0;
		};
/* End PBXResourcesBuildPhase section */

/* Begin PBXSourcesBuildPhase section */
		SRC001 /* Sources */ = {
			isa = PBXSourcesBuildPhase;
			buildActionMask = 2147483647;
			files = (
				SW015 /* String+RegEx.swift in Sources */,
				SW016 /* String+Truncate.swift in Sources */,
				SW022 /* SidebarView.swift in Sources */,
				SW025 /* GitXApp.swift in Sources */,
				SW031 /* RepositoryDocument.swift in Sources */,
				SW032 /* RepositoryView.swift in Sources */,
				SW033 /* HistoryView.swift in Sources */,
				SW034 /* CommitView.swift in Sources */,
				SW035 /* PreferencesView.swift in Sources */,
				SW036 /* PersistentSplitView.swift in Sources */,
				SW037 /* CommitGraphView.swift in Sources */,
				SW038 /* CommitTableView.swift in Sources */,
			);
			runOnlyForDeploymentPostprocessing = 0;
		};
/* End PBXSourcesBuildPhase section */

/* Begin XCBuildConfiguration section */
		CFG001 /* Debug */ = {
			isa = XCBuildConfiguration;
			buildSettings = {
				ALWAYS_SEARCH_USER_PATHS = NO;
				ASSETCATALOG_COMPILER_GENERATE_SWIFT_ASSET_SYMBOL_EXTENSIONS = YES;
				CLANG_ANALYZER_NONNULL = YES;
				CLANG_ANALYZER_NUMBER_OBJECT_CONVERSION = YES_AGGRESSIVE;
				CLANG_CXX_LANGUAGE_STANDARD = "gnu++20";
				CLANG_ENABLE_MODULES = YES;
				CLANG_ENABLE_OBJC_ARC = YES;
				CLANG_ENABLE_OBJC_WEAK = YES;
				CLANG_WARN_BLOCK_CAPTURE_AUTORELEASING = YES;
				CLANG_WARN_BOOL_CONVERSION = YES;
				CLANG_WARN_COMMA = YES;
				CLANG_WARN_CONSTANT_CONVERSION = YES;
				CLANG_WARN_DEPRECATED_OBJC_IMPLEMENTATIONS = YES;
				CLANG_WARN_DIRECT_OBJC_ISA_USAGE = YES_ERROR;
				CLANG_WARN_DOCUMENTATION_COMMENTS = YES;
				CLANG_WARN_EMPTY_BODY = YES;
				CLANG_WARN_ENUM_CONVERSION = YES;
				CLANG_WARN_INFINITE_RECURSION = YES;
				CLANG_WARN_INT_CONVERSION = YES;
				CLANG_WARN_NON_LITERAL_NULL_CONVERSION = YES;
				CLANG_WARN_OBJC_IMPLICIT_RETAIN_SELF = YES;
				CLANG_WARN_OBJC_LITERAL_CONVERSION = YES;
				CLANG_WARN_OBJC_ROOT_CLASS = YES_ERROR;
				CLANG_WARN_QUOTED_INCLUDE_IN_FRAMEWORK_HEADER = YES;
				CLANG_WARN_RANGE_LOOP_ANALYSIS = YES;
				CLANG_WARN_STRICT_PROTOTYPES = YES;
				CLANG_WARN_SUSPICIOUS_MOVE = YES;
				CLANG_WARN_UNGUARDED_AVAILABILITY = YES_AGGRESSIVE;
				CLANG_WARN_UNREACHABLE_CODE = YES;
				CLANG_WARN__DUPLICATE_METHOD_MATCH = YES;
				COPY_PHASE_STRIP = NO;
				DEBUG_INFORMATION_FORMAT = dwarf;
				ENABLE_STRICT_OBJC_MSGSEND = YES;
				ENABLE_TESTABILITY = YES;
				ENABLE_USER_SCRIPT_SANDBOXING = YES;
				GCC_C_LANGUAGE_STANDARD = gnu17;
				GCC_DYNAMIC_NO_PIC = NO;
				GCC_NO_COMMON_BLOCKS = YES;
				GCC_OPTIMIZATION_LEVEL = 0;
				GCC_PREPROCESSOR_DEFINITIONS = (
					"DEBUG=1",
					"$(inherited)",
				);
				GCC_WARN_64_TO_32_BIT_CONVERSION = YES;
				GCC_WARN_ABOUT_RETURN_TYPE = YES_ERROR;
				GCC_WARN_UNDECLARED_SELECTOR = YES;
				GCC_WARN_UNINITIALIZED_AUTOS = YES_AGGRESSIVE;
				GCC_WARN_UNUSED_FUNCTION = YES;
				GCC_WARN_UNUSED_VARIABLE = YES;
				LOCALIZATION_PREFERS_STRING_CATALOGS = YES;
				MACOSX_DEPLOYMENT_TARGET = 14.0;
				MTL_ENABLE_DEBUG_INFO = INCLUDE_SOURCE;
				MTL_FAST_MATH = YES;
				ONLY_ACTIVE_ARCH = YES;
				SDKROOT = macosx;
				SWIFT_ACTIVE_COMPILATION_CONDITIONS = "DEBUG $(inherited)";
				SWIFT_OPTIMIZATION_LEVEL = "-Onone";
			};
			name = Debug;
		};
		CFG002 /* Release */ = {
			isa = XCBuildConfiguration;
			buildSettings = {
				ALWAYS_SEARCH_USER_PATHS = NO;
				ASSETCATALOG_COMPILER_GENERATE_SWIFT_ASSET_SYMBOL_EXTENSIONS = YES;
				CLANG_ANALYZER_NONNULL = YES;
				CLANG_ANALYZER_NUMBER_OBJECT_CONVERSION = YES_AGGRESSIVE;
				CLANG_CXX_LANGUAGE_STANDARD = "gnu++20";
				CLANG_ENABLE_MODULES = YES;
				CLANG_ENABLE_OBJC_ARC = YES;
				CLANG_ENABLE_OBJC_WEAK = YES;
				CLANG_WARN_BLOCK_CAPTURE_AUTORELEASING = YES;
				CLANG_WARN_BOOL_CONVERSION = YES;
				CLANG_WARN_COMMA = YES;
				CLANG_WARN_CONSTANT_CONVERSION = YES;
				CLANG_WARN_DEPRECATED_OBJC_IMPLEMENTATIONS = YES;
				CLANG_WARN_DIRECT_OBJC_ISA_USAGE = YES_ERROR;
				CLANG_WARN_DOCUMENTATION_COMMENTS = YES;
				CLANG_WARN_EMPTY_BODY = YES;
				CLANG_WARN_ENUM_CONVERSION = YES;
				CLANG_WARN_INFINITE_RECURSION = YES;
				CLANG_WARN_INT_CONVERSION = YES;
				CLANG_WARN_NON_LITERAL_NULL_CONVERSION = YES;
				CLANG_WARN_OBJC_IMPLICIT_RETAIN_SELF = YES;
				CLANG_WARN_OBJC_LITERAL_CONVERSION = YES;
				CLANG_WARN_OBJC_ROOT_CLASS = YES_ERROR;
				CLANG_WARN_QUOTED_INCLUDE_IN_FRAMEWORK_HEADER = YES;
				CLANG_WARN_RANGE_LOOP_ANALYSIS = YES;
				CLANG_WARN_STRICT_PROTOTYPES = YES;
				CLANG_WARN_SUSPICIOUS_MOVE = YES;
				CLANG_WARN_UNGUARDED_AVAILABILITY = YES_AGGRESSIVE;
				CLANG_WARN_UNREACHABLE_CODE = YES;
				CLANG_WARN__DUPLICATE_METHOD_MATCH = YES;
				COPY_PHASE_STRIP = NO;
				DEBUG_INFORMATION_FORMAT = "dwarf-with-dsym";
				ENABLE_NS_ASSERTIONS = NO;
				ENABLE_STRICT_OBJC_MSGSEND = YES;
				ENABLE_USER_SCRIPT_SANDBOXING = YES;
				GCC_C_LANGUAGE_STANDARD = gnu17;
				GCC_NO_COMMON_BLOCKS = YES;
				GCC_WARN_64_TO_32_BIT_CONVERSION = YES;
				GCC_WARN_ABOUT_RETURN_TYPE = YES_ERROR;
				GCC_WARN_UNDECLARED_SELECTOR = YES;
				GCC_WARN_UNINITIALIZED_AUTOS = YES_AGGRESSIVE;
				GCC_WARN_UNUSED_FUNCTION = YES;
				GCC_WARN_UNUSED_VARIABLE = YES;
				LOCALIZATION_PREFERS_STRING_CATALOGS = YES;
				MACOSX_DEPLOYMENT_TARGET = 14.0;
				MTL_ENABLE_DEBUG_INFO = NO;
				MTL_FAST_MATH = YES;
				SDKROOT = macosx;
				SWIFT_COMPILATION_MODE = wholemodule;
			};
			name = Release;
		};
		CFG003 /* Debug */ = {
			isa = XCBuildConfiguration;
			buildSettings = {
				ASSETCATALOG_COMPILER_APPICON_NAME = AppIcon;
				ASSETCATALOG_COMPILER_GLOBAL_ACCENT_COLOR_NAME = AccentColor;
				CODE_SIGN_ENTITLEMENTS = Resources/GitX.entitlements;
				CODE_SIGN_STYLE = Automatic;
				COMBINE_HIDPI_IMAGES = YES;
				CURRENT_PROJECT_VERSION = 1;
				GENERATE_INFOPLIST_FILE = YES;
				INFOPLIST_FILE = Resources/Info.plist;
				INFOPLIST_KEY_LSApplicationCategoryType = "public.app-category.developer-tools";
				INFOPLIST_KEY_NSHumanReadableCopyright = "";
				INFOPLIST_KEY_NSMainNibFile = "";
				INFOPLIST_KEY_NSPrincipalClass = NSApplication;
				LD_RUNPATH_SEARCH_PATHS = (
					"$(inherited)",
					"@executable_path/../Frameworks",
				);
				MARKETING_VERSION = 1.0;
				PRODUCT_BUNDLE_IDENTIFIER = net.phere.GitX;
				PRODUCT_NAME = "$(TARGET_NAME)";
				SWIFT_EMIT_LOC_STRINGS = YES;
				SWIFT_VERSION = 5.0;
			};
			name = Debug;
		};
		CFG004 /* Release */ = {
			isa = XCBuildConfiguration;
			buildSettings = {
				ASSETCATALOG_COMPILER_APPICON_NAME = AppIcon;
				ASSETCATALOG_COMPILER_GLOBAL_ACCENT_COLOR_NAME = AccentColor;
				CODE_SIGN_ENTITLEMENTS = Resources/GitX.entitlements;
				CODE_SIGN_STYLE = Automatic;
				COMBINE_HIDPI_IMAGES = YES;
				CURRENT_PROJECT_VERSION = 1;
				GENERATE_INFOPLIST_FILE = YES;
				INFOPLIST_FILE = Resources/Info.plist;
				INFOPLIST_KEY_LSApplicationCategoryType = "public.app-category.developer-tools";
				INFOPLIST_KEY_NSHumanReadableCopyright = "";
				INFOPLIST_KEY_NSMainNibFile = "";
				INFOPLIST_KEY_NSPrincipalClass = NSApplication;
				LD_RUNPATH_SEARCH_PATHS = (
					"$(inherited)",
					"@executable_path/../Frameworks",
				);
				MARKETING_VERSION = 1.0;
				PRODUCT_BUNDLE_IDENTIFIER = net.phere.GitX;
				PRODUCT_NAME = "$(TARGET_NAME)";
				SWIFT_EMIT_LOC_STRINGS = YES;
				SWIFT_VERSION = 5.0;
			};
			name = Release;
		};
/* End XCBuildConfiguration section */

/* Begin XCConfigurationList section */
		BCL001 /* Build configuration list for PBXNativeTarget "GitX" */ = {
			isa = XCConfigurationList;
			buildConfigurations = (
				CFG003 /* Debug */,
				CFG004 /* Release */,
			);
			defaultConfigurationIsVisible = 0;
			defaultConfigurationName = Release;
		};
		BCL002 /* Build configuration list for PBXProject "GitX" */ = {
			isa = XCConfigurationList;
			buildConfigurations = (
				CFG001 /* Debug */,
				CFG002 /* Release */,
			);
			defaultConfigurationIsVisible = 0;
			defaultConfigurationName = Release;
		};
/* End XCConfigurationList section */

/* Begin XCRemoteSwiftPackageReference section */
		PKG001 /* XCRemoteSwiftPackageReference "Sparkle" */ = {
			isa = XCRemoteSwiftPackageReference;
			repositoryURL = "https://github.com/sparkle-project/Sparkle";
			requirement = {
				kind = upToNextMajorVersion;
				minimumVersion = 2.0.0;
			};
		};
		PKG002 /* XCRemoteSwiftPackageReference "SwiftGitX" */ = {
			isa = XCRemoteSwiftPackageReference;
			repositoryURL = "https://github.com/ibrahimcetin/SwiftGitX";
			requirement = {
				kind = upToNextMajorVersion;
				minimumVersion = 0.1.0;
			};
		};
		PKG003 /* XCRemoteSwiftPackageReference "HighlightSwift" */ = {
			isa = XCRemoteSwiftPackageReference;
			repositoryURL = "https://github.com/appstefan/HighlightSwift";
			requirement = {
				kind = upToNextMajorVersion;
				minimumVersion = 1.0.0;
			};
		};
/* End XCRemoteSwiftPackageReference section */

/* Begin XCSwiftPackageProductDependency section */
		PR001 /* Sparkle */ = {
			isa = XCSwiftPackageProductDependency;
			package = PKG001 /* XCRemoteSwiftPackageReference "Sparkle" */;
			productName = Sparkle;
		};
		PR002 /* SwiftGitX */ = {
			isa = XCSwiftPackageProductDependency;
			package = PKG002 /* XCRemoteSwiftPackageReference "SwiftGitX" */;
			productName = SwiftGitX;
		};
		PR003 /* HighlightSwift */ = {
			isa = XCSwiftPackageProductDependency;
			package = PKG003 /* XCRemoteSwiftPackageReference "HighlightSwift" */;
			productName = HighlightSwift;
		};
/* End XCSwiftPackageProductDependency section */
	};
	rootObject = PRJ001 /* Project object */;
}
