{
  "originHash" : "6e85cec479c370a78897c9563115cb5e32c7bc93a44f9300d29255ed0900779a",
  "pins" : [
    {
      "identity" : "highlighterswift",
      "kind" : "remoteSourceControl",
      "location" : "https://github.com/smittytone/HighlighterSwift",
      "state" : {
        "revision" : "a729b06c1c9c470482d5bf8641dd8b5cb3f345f4",
        "version" : "2.0.0"
      }
    },
    {
      "identity" : "libgit2",
      "kind" : "remoteSourceControl",
      "location" : "https://github.com/ibrahimcetin/libgit2.git",
      "state" : {
        "revision" : "a75bab85c48cef6583841ff2a435744f206fcff9",
        "version" : "1.9.1"
      }
    },
    {
      "identity" : "sparkle",
      "kind" : "remoteSourceControl",
      "location" : "https://github.com/sparkle-project/Sparkle",
      "state" : {
        "revision" : "5581748cef2bae787496fe6d61139aebe0a451f6",
        "version" : "2.8.1"
      }
    }
  ],
  "version" : 3
}
