{
  "originHash" : "ce95eb2dbc3dc9af48635cbfea1fbc4acf29ece5ee929781a5b57f15e8a39102",
  "pins" : [
    {
      "identity" : "highlighterswift",
      "kind" : "remoteSourceControl",
      "location" : "https://github.com/smittytone/HighlighterSwift",
      "state" : {
        "revision" : "a729b06c1c9c470482d5bf8641dd8b5cb3f345f4",
        "version" : "2.0.0"
      }
    },
    {
      "identity" : "libgit2",
      "kind" : "remoteSourceControl",
      "location" : "https://github.com/ibrahimcetin/libgit2.git",
      "state" : {
        "revision" : "a75bab85c48cef6583841ff2a435744f206fcff9",
        "version" : "1.9.1"
      }
    },
    {
      "identity" : "sparkle",
      "kind" : "remoteSourceControl",
      "location" : "https://github.com/sparkle-project/Sparkle",
      "state" : {
        "revision" : "5581748cef2bae787496fe6d61139aebe0a451f6",
        "version" : "2.8.1"
      }
    },
    {
      "identity" : "swiftgitx",
      "kind" : "remoteSourceControl",
      "location" : "https://github.com/ibrahimcetin/SwiftGitX",
      "state" : {
        "revision" : "02af1908e6be6ab10a325a03e80433f32d30a675",
        "version" : "0.2.0"
      }
    }
  ],
  "version" : 3
}
