{
  "originHash" : "a629cce0da6a9135a5bd087f0f2538ea0107d9827e15ddd0cffeab4059f4d5c2",
  "pins" : [
    {
      "identity" : "highlightswift",
      "kind" : "remoteSourceControl",
      "location" : "https://github.com/appstefan/HighlightSwift",
      "state" : {
        "revision" : "784ca3ccfc8a2cf724fbb2f06cb6ec3329424da3",
        "version" : "1.1.0"
      }
    },
    {
      "identity" : "libgit2",
      "kind" : "remoteSourceControl",
      "location" : "https://github.com/ibrahimcetin/libgit2.git",
      "state" : {
        "revision" : "a75bab85c48cef6583841ff2a435744f206fcff9",
        "version" : "1.9.1"
      }
    },
    {
      "identity" : "sparkle",
      "kind" : "remoteSourceControl",
      "location" : "https://github.com/sparkle-project/Sparkle",
      "state" : {
        "revision" : "5581748cef2bae787496fe6d61139aebe0a451f6",
        "version" : "2.8.1"
      }
    },
    {
      "identity" : "swiftgitx",
      "kind" : "remoteSourceControl",
      "location" : "https://github.com/ibrahimcetin/SwiftGitX",
      "state" : {
        "revision" : "02af1908e6be6ab10a325a03e80433f32d30a675",
        "version" : "0.2.0"
      }
    }
  ],
  "version" : 3
}
